
Microsoft Visual Studio Solution File, Format Version 12.00
# Visual Studio Version 17
VisualStudioVersion = 17.2.32526.322
MinimumVisualStudioVersion = 10.0.40219.1
Project("{FAE04EC0-301F-11D3-BF4B-00C04F79EFBC}") = "Datos", "Datos\Datos.csproj", "{716677ED-B10B-47BD-9923-B771B29C571E}"
EndProject
Project("{FAE04EC0-301F-11D3-BF4B-00C04F79EFBC}") = "Logica", "Logica\Logica.csproj", "{542FCCA7-E2C3-4EB5-A075-BA98B8F12F64}"
EndProject
Project("{FAE04EC0-301F-11D3-BF4B-00C04F79EFBC}") = "Modelo", "Modelo\Modelo.csproj", "{2A4E9BA3-FEB9-483F-B172-D0E521405CAF}"
EndProject
Project("{FAE04EC0-301F-11D3-BF4B-00C04F79EFBC}") = "PresentacionWF", "PresentacionWF\PresentacionWF.csproj", "{73DA99C5-28A3-4C68-A950-F8CDD54FE7F8}"
EndProject
Global
	GlobalSection(SolutionConfigurationPlatforms) = preSolution
		Debug|Any CPU = Debug|Any CPU
		Release|Any CPU = Release|Any CPU
	EndGlobalSection
	GlobalSection(ProjectConfigurationPlatforms) = postSolution
		{716677ED-B10B-47BD-9923-B771B29C571E}.Debug|Any CPU.ActiveCfg = Debug|Any CPU
		{716677ED-B10B-47BD-9923-B771B29C571E}.Debug|Any CPU.Build.0 = Debug|Any CPU
		{716677ED-B10B-47BD-9923-B771B29C571E}.Release|Any CPU.ActiveCfg = Release|Any CPU
		{716677ED-B10B-47BD-9923-B771B29C571E}.Release|Any CPU.Build.0 = Release|Any CPU
		{542FCCA7-E2C3-4EB5-A075-BA98B8F12F64}.Debug|Any CPU.ActiveCfg = Debug|Any CPU
		{542FCCA7-E2C3-4EB5-A075-BA98B8F12F64}.Debug|Any CPU.Build.0 = Debug|Any CPU
		{542FCCA7-E2C3-4EB5-A075-BA98B8F12F64}.Release|Any CPU.ActiveCfg = Release|Any CPU
		{542FCCA7-E2C3-4EB5-A075-BA98B8F12F64}.Release|Any CPU.Build.0 = Release|Any CPU
		{2A4E9BA3-FEB9-483F-B172-D0E521405CAF}.Debug|Any CPU.ActiveCfg = Debug|Any CPU
		{2A4E9BA3-FEB9-483F-B172-D0E521405CAF}.Debug|Any CPU.Build.0 = Debug|Any CPU
		{2A4E9BA3-FEB9-483F-B172-D0E521405CAF}.Release|Any CPU.ActiveCfg = Release|Any CPU
		{2A4E9BA3-FEB9-483F-B172-D0E521405CAF}.Release|Any CPU.Build.0 = Release|Any CPU
		{73DA99C5-28A3-4C68-A950-F8CDD54FE7F8}.Debug|Any CPU.ActiveCfg = Debug|Any CPU
		{73DA99C5-28A3-4C68-A950-F8CDD54FE7F8}.Debug|Any CPU.Build.0 = Debug|Any CPU
		{73DA99C5-28A3-4C68-A950-F8CDD54FE7F8}.Release|Any CPU.ActiveCfg = Release|Any CPU
		{73DA99C5-28A3-4C68-A950-F8CDD54FE7F8}.Release|Any CPU.Build.0 = Release|Any CPU
	EndGlobalSection
	GlobalSection(SolutionProperties) = preSolution
		HideSolutionNode = FALSE
	EndGlobalSection
	GlobalSection(ExtensibilityGlobals) = postSolution
		SolutionGuid = {266CE806-DB10-4EF3-A310-63A99319E993}
	EndGlobalSection
EndGlobal
